{
  "originHash" : "dca1bb652e0d9ebc5bcc00bf64783cc4a2f5ebf9561cd909e9e5207f62eb1350",
  "pins" : [
    {
      "identity" : "swift-request",
      "kind" : "remoteSourceControl",
      "location" : "https://github.com/carson-katri/swift-request.git",
      "state" : {
        "revision" : "6266d884d7ded618cceb0e0920431be4d6f4c4aa",
        "version" : "1.4.0"
      }
    }
  ],
  "version" : 3
}
